
Microsoft Visual Studio Solution File, Format Version 11.00
# Visual Studio 2010
Project("{FAE04EC0-301F-11D3-BF4B-00C04F79EFBC}") = "SimOnline", "SimOnline\SimOnline.csproj", "{60EE09AD-D357-4FE3-94B8-0F009CF4E503}"
EndProject
Project("{FAE04EC0-301F-11D3-BF4B-00C04F79EFBC}") = "SimOnlineTests", "SimOnlineTests\SimOnlineTests.csproj", "{CF4CB049-729D-4671-A8A3-49E4CB4058E5}"
EndProject
Project("{FAE04EC0-301F-11D3-BF4B-00C04F79EFBC}") = "SimOnlineConsole", "SimOnlineConsole\SimOnlineConsole.csproj", "{D1213D31-5FF0-47C4-9740-E6819342C2AE}"
EndProject
Global
	GlobalSection(SolutionConfigurationPlatforms) = preSolution
		Debug|Any CPU = Debug|Any CPU
		Debug|Mixed Platforms = Debug|Mixed Platforms
		Debug|x86 = Debug|x86
		Release|Any CPU = Release|Any CPU
		Release|Mixed Platforms = Release|Mixed Platforms
		Release|x86 = Release|x86
	EndGlobalSection
	GlobalSection(ProjectConfigurationPlatforms) = postSolution
		{60EE09AD-D357-4FE3-94B8-0F009CF4E503}.Debug|Any CPU.ActiveCfg = Debug|Any CPU
		{60EE09AD-D357-4FE3-94B8-0F009CF4E503}.Debug|Any CPU.Build.0 = Debug|Any CPU
		{60EE09AD-D357-4FE3-94B8-0F009CF4E503}.Debug|Mixed Platforms.ActiveCfg = Debug|Any CPU
		{60EE09AD-D357-4FE3-94B8-0F009CF4E503}.Debug|Mixed Platforms.Build.0 = Debug|Any CPU
		{60EE09AD-D357-4FE3-94B8-0F009CF4E503}.Debug|x86.ActiveCfg = Debug|Any CPU
		{60EE09AD-D357-4FE3-94B8-0F009CF4E503}.Release|Any CPU.ActiveCfg = Release|Any CPU
		{60EE09AD-D357-4FE3-94B8-0F009CF4E503}.Release|Any CPU.Build.0 = Release|Any CPU
		{60EE09AD-D357-4FE3-94B8-0F009CF4E503}.Release|Mixed Platforms.ActiveCfg = Release|Any CPU
		{60EE09AD-D357-4FE3-94B8-0F009CF4E503}.Release|Mixed Platforms.Build.0 = Release|Any CPU
		{60EE09AD-D357-4FE3-94B8-0F009CF4E503}.Release|x86.ActiveCfg = Release|Any CPU
		{CF4CB049-729D-4671-A8A3-49E4CB4058E5}.Debug|Any CPU.ActiveCfg = Debug|Any CPU
		{CF4CB049-729D-4671-A8A3-49E4CB4058E5}.Debug|Any CPU.Build.0 = Debug|Any CPU
		{CF4CB049-729D-4671-A8A3-49E4CB4058E5}.Debug|Mixed Platforms.ActiveCfg = Debug|Any CPU
		{CF4CB049-729D-4671-A8A3-49E4CB4058E5}.Debug|Mixed Platforms.Build.0 = Debug|Any CPU
		{CF4CB049-729D-4671-A8A3-49E4CB4058E5}.Debug|x86.ActiveCfg = Debug|Any CPU
		{CF4CB049-729D-4671-A8A3-49E4CB4058E5}.Release|Any CPU.ActiveCfg = Release|Any CPU
		{CF4CB049-729D-4671-A8A3-49E4CB4058E5}.Release|Any CPU.Build.0 = Release|Any CPU
		{CF4CB049-729D-4671-A8A3-49E4CB4058E5}.Release|Mixed Platforms.ActiveCfg = Release|Any CPU
		{CF4CB049-729D-4671-A8A3-49E4CB4058E5}.Release|Mixed Platforms.Build.0 = Release|Any CPU
		{CF4CB049-729D-4671-A8A3-49E4CB4058E5}.Release|x86.ActiveCfg = Release|Any CPU
		{D1213D31-5FF0-47C4-9740-E6819342C2AE}.Debug|Any CPU.ActiveCfg = Debug|x86
		{D1213D31-5FF0-47C4-9740-E6819342C2AE}.Debug|Mixed Platforms.ActiveCfg = Debug|x86
		{D1213D31-5FF0-47C4-9740-E6819342C2AE}.Debug|Mixed Platforms.Build.0 = Debug|x86
		{D1213D31-5FF0-47C4-9740-E6819342C2AE}.Debug|x86.ActiveCfg = Debug|x86
		{D1213D31-5FF0-47C4-9740-E6819342C2AE}.Debug|x86.Build.0 = Debug|x86
		{D1213D31-5FF0-47C4-9740-E6819342C2AE}.Release|Any CPU.ActiveCfg = Release|x86
		{D1213D31-5FF0-47C4-9740-E6819342C2AE}.Release|Mixed Platforms.ActiveCfg = Release|x86
		{D1213D31-5FF0-47C4-9740-E6819342C2AE}.Release|Mixed Platforms.Build.0 = Release|x86
		{D1213D31-5FF0-47C4-9740-E6819342C2AE}.Release|x86.ActiveCfg = Release|x86
		{D1213D31-5FF0-47C4-9740-E6819342C2AE}.Release|x86.Build.0 = Release|x86
	EndGlobalSection
	GlobalSection(SolutionProperties) = preSolution
		HideSolutionNode = FALSE
	EndGlobalSection
EndGlobal
